
Microsoft Visual Studio Solution File, Format Version 12.00
# Visual Studio 2012
Project("{FAE04EC0-301F-11D3-BF4B-00C04F79EFBC}") = "Structure", "Structure\Structure.csproj", "{9A3430F3-6A6D-4D21-A4F0-F443725341CD}"
EndProject
Project("{FAE04EC0-301F-11D3-BF4B-00C04F79EFBC}") = "Presentation", "Presentation\Presentation.csproj", "{B2A9775B-2029-48B6-BDE6-336A6C78C22F}"
EndProject
Global
	GlobalSection(SolutionConfigurationPlatforms) = preSolution
		Arvixe|Any CPU = Arvixe|Any CPU
		Debug|Any CPU = Debug|Any CPU
	EndGlobalSection
	GlobalSection(ProjectConfigurationPlatforms) = postSolution
		{9A3430F3-6A6D-4D21-A4F0-F443725341CD}.Arvixe|Any CPU.ActiveCfg = Arvixe|Any CPU
		{9A3430F3-6A6D-4D21-A4F0-F443725341CD}.Arvixe|Any CPU.Build.0 = Arvixe|Any CPU
		{9A3430F3-6A6D-4D21-A4F0-F443725341CD}.Debug|Any CPU.ActiveCfg = Debug|Any CPU
		{9A3430F3-6A6D-4D21-A4F0-F443725341CD}.Debug|Any CPU.Build.0 = Debug|Any CPU
		{B2A9775B-2029-48B6-BDE6-336A6C78C22F}.Arvixe|Any CPU.ActiveCfg = Arvixe|Any CPU
		{B2A9775B-2029-48B6-BDE6-336A6C78C22F}.Arvixe|Any CPU.Build.0 = Arvixe|Any CPU
		{B2A9775B-2029-48B6-BDE6-336A6C78C22F}.Debug|Any CPU.ActiveCfg = Debug|Any CPU
		{B2A9775B-2029-48B6-BDE6-336A6C78C22F}.Debug|Any CPU.Build.0 = Debug|Any CPU
	EndGlobalSection
	GlobalSection(SolutionProperties) = preSolution
		HideSolutionNode = FALSE
	EndGlobalSection
EndGlobal
