
Microsoft Visual Studio Solution File, Format Version 12.00
# Visual Studio Version 17
VisualStudioVersion = 17.1.32407.343
MinimumVisualStudioVersion = 10.0.40219.1
Project("{2150E333-8FDC-42A3-9474-1A3956D46DE8}") = "Solution Items", "Solution Items", "{18DEADAC-E4CF-451F-9CC5-1D62B98D1055}"
	ProjectSection(SolutionItems) = preProject
		.editorconfig = .editorconfig
	EndProjectSection
EndProject
Project("{9A19103F-16F7-4668-BE54-9A1E7A4F7556}") = "GenderFix", "GenderFix\GenderFix.csproj", "{1555B832-CFA2-410F-A5C1-911C84632ECD}"
EndProject
Project("{9A19103F-16F7-4668-BE54-9A1E7A4F7556}") = "Structure", "Structure\Structure.csproj", "{3E39AC53-A79C-4781-A6D6-9F0CDE727D42}"
EndProject
Project("{9A19103F-16F7-4668-BE54-9A1E7A4F7556}") = "Presentation", "Presentation\Presentation.csproj", "{FB0D5989-2446-4C38-83F2-8B1E7E8216AC}"
EndProject
Project("{FAE04EC0-301F-11D3-BF4B-00C04F79EFBC}") = "RegEditA6", "RegEditA6\RegEditA6.csproj", "{973F430A-C9F6-4311-802B-DC09A5A8E16B}"
EndProject
Global
	GlobalSection(SolutionConfigurationPlatforms) = preSolution
		Amazon|Any CPU = Amazon|Any CPU
		Debug|Any CPU = Debug|Any CPU
		Release|Any CPU = Release|Any CPU
	EndGlobalSection
	GlobalSection(ProjectConfigurationPlatforms) = postSolution
		{1555B832-CFA2-410F-A5C1-911C84632ECD}.Amazon|Any CPU.ActiveCfg = Debug|Any CPU
		{1555B832-CFA2-410F-A5C1-911C84632ECD}.Amazon|Any CPU.Build.0 = Debug|Any CPU
		{1555B832-CFA2-410F-A5C1-911C84632ECD}.Debug|Any CPU.ActiveCfg = Debug|Any CPU
		{1555B832-CFA2-410F-A5C1-911C84632ECD}.Debug|Any CPU.Build.0 = Debug|Any CPU
		{1555B832-CFA2-410F-A5C1-911C84632ECD}.Release|Any CPU.ActiveCfg = Release|Any CPU
		{1555B832-CFA2-410F-A5C1-911C84632ECD}.Release|Any CPU.Build.0 = Release|Any CPU
		{3E39AC53-A79C-4781-A6D6-9F0CDE727D42}.Amazon|Any CPU.ActiveCfg = Debug|Any CPU
		{3E39AC53-A79C-4781-A6D6-9F0CDE727D42}.Amazon|Any CPU.Build.0 = Debug|Any CPU
		{3E39AC53-A79C-4781-A6D6-9F0CDE727D42}.Debug|Any CPU.ActiveCfg = Debug|Any CPU
		{3E39AC53-A79C-4781-A6D6-9F0CDE727D42}.Debug|Any CPU.Build.0 = Debug|Any CPU
		{3E39AC53-A79C-4781-A6D6-9F0CDE727D42}.Release|Any CPU.ActiveCfg = Release|Any CPU
		{3E39AC53-A79C-4781-A6D6-9F0CDE727D42}.Release|Any CPU.Build.0 = Release|Any CPU
		{FB0D5989-2446-4C38-83F2-8B1E7E8216AC}.Amazon|Any CPU.ActiveCfg = Debug|Any CPU
		{FB0D5989-2446-4C38-83F2-8B1E7E8216AC}.Amazon|Any CPU.Build.0 = Debug|Any CPU
		{FB0D5989-2446-4C38-83F2-8B1E7E8216AC}.Debug|Any CPU.ActiveCfg = Debug|Any CPU
		{FB0D5989-2446-4C38-83F2-8B1E7E8216AC}.Debug|Any CPU.Build.0 = Debug|Any CPU
		{FB0D5989-2446-4C38-83F2-8B1E7E8216AC}.Release|Any CPU.ActiveCfg = Release|Any CPU
		{FB0D5989-2446-4C38-83F2-8B1E7E8216AC}.Release|Any CPU.Build.0 = Release|Any CPU
		{973F430A-C9F6-4311-802B-DC09A5A8E16B}.Amazon|Any CPU.ActiveCfg = Debug|Any CPU
		{973F430A-C9F6-4311-802B-DC09A5A8E16B}.Amazon|Any CPU.Build.0 = Debug|Any CPU
		{973F430A-C9F6-4311-802B-DC09A5A8E16B}.Debug|Any CPU.ActiveCfg = Debug|Any CPU
		{973F430A-C9F6-4311-802B-DC09A5A8E16B}.Debug|Any CPU.Build.0 = Debug|Any CPU
		{973F430A-C9F6-4311-802B-DC09A5A8E16B}.Release|Any CPU.ActiveCfg = Release|Any CPU
		{973F430A-C9F6-4311-802B-DC09A5A8E16B}.Release|Any CPU.Build.0 = Release|Any CPU
	EndGlobalSection
	GlobalSection(SolutionProperties) = preSolution
		HideSolutionNode = FALSE
	EndGlobalSection
	GlobalSection(ExtensibilityGlobals) = postSolution
		SolutionGuid = {68CF6C18-A6E7-41C8-B051-B884426A6F6F}
	EndGlobalSection
EndGlobal
