
Microsoft Visual Studio Solution File, Format Version 12.00
# Visual Studio 15
VisualStudioVersion = 15.0.27130.2036
MinimumVisualStudioVersion = 10.0.40219.1
Project("{FAE04EC0-301F-11D3-BF4B-00C04F79EFBC}") = "Translator", "Translator.csproj", "{B4B20F49-F3A6-4215-AA66-5195AFBED591}"
EndProject
Global
	GlobalSection(SolutionConfigurationPlatforms) = preSolution
		Debug|Any CPU = Debug|Any CPU
		Release|Any CPU = Release|Any CPU
	EndGlobalSection
	GlobalSection(ProjectConfigurationPlatforms) = postSolution
		{B4B20F49-F3A6-4215-AA66-5195AFBED591}.Debug|Any CPU.ActiveCfg = Debug|Any CPU
		{B4B20F49-F3A6-4215-AA66-5195AFBED591}.Debug|Any CPU.Build.0 = Debug|Any CPU
		{B4B20F49-F3A6-4215-AA66-5195AFBED591}.Release|Any CPU.ActiveCfg = Release|Any CPU
		{B4B20F49-F3A6-4215-AA66-5195AFBED591}.Release|Any CPU.Build.0 = Release|Any CPU
	EndGlobalSection
	GlobalSection(SolutionProperties) = preSolution
		HideSolutionNode = FALSE
	EndGlobalSection
	GlobalSection(ExtensibilityGlobals) = postSolution
		SolutionGuid = {8AA2975D-AF84-4505-9748-438413B94C44}
	EndGlobalSection
EndGlobal
